{
  "version": 4,
  "terraform_version": "1.7.0",
  "serial": 21,
  "lineage": "1b06f15a-a30f-42f9-aa67-62798428bb54",
  "outputs": {},
  "resources": [
    {
      "mode": "data",
      "type": "aws_ami",
      "name": "ami_ubuntu",
      "provider": "provider[\"registry.terraform.io/hashicorp/aws\"]",
      "instances": [
        {
          "schema_version": 0,
          "attributes": {
            "architecture": "x86_64",
            "arn": "arn:aws:ec2:us-east-2::image/ami-0b8b44ec9a8f90422",
            "block_device_mappings": [
              {
                "device_name": "/dev/sda1",
                "ebs": {
                  "delete_on_termination": "true",
                  "encrypted": "false",
                  "iops": "0",
                  "snapshot_id": "snap-04a0c42370cdb2819",
                  "throughput": "0",
                  "volume_size": "8",
                  "volume_type": "gp2"
                },
                "no_device": "",
                "virtual_name": ""
              },
              {
                "device_name": "/dev/sdb",
                "ebs": {},
                "no_device": "",
                "virtual_name": "ephemeral0"
              },
              {
                "device_name": "/dev/sdc",
                "ebs": {},
                "no_device": "",
                "virtual_name": "ephemeral1"
              }
            ],
            "boot_mode": "uefi-preferred",
            "creation_date": "2024-03-01T04:02:58.000Z",
            "deprecation_time": "2026-03-01T04:02:58.000Z",
            "description": "Canonical, Ubuntu, 22.04 LTS, amd64 jammy image build on 2024-03-01",
            "ena_support": true,
            "executable_users": null,
            "filter": [
              {
                "name": "name",
                "values": [
                  "ubuntu/images/hvm-ssd/ubuntu-jammy-22.04-amd64-server-20240301"
                ]
              },
              {
                "name": "state",
                "values": [
                  "available"
                ]
              }
            ],
            "hypervisor": "xen",
            "id": "ami-0b8b44ec9a8f90422",
            "image_id": "ami-0b8b44ec9a8f90422",
            "image_location": "amazon/ubuntu/images/hvm-ssd/ubuntu-jammy-22.04-amd64-server-20240301",
            "image_owner_alias": "amazon",
            "image_type": "machine",
            "imds_support": "",
            "include_deprecated": false,
            "kernel_id": "",
            "most_recent": true,
            "name": "ubuntu/images/hvm-ssd/ubuntu-jammy-22.04-amd64-server-20240301",
            "name_regex": null,
            "owner_id": "099720109477",
            "owners": [
              "099720109477"
            ],
            "platform": "",
            "platform_details": "Linux/UNIX",
            "product_codes": [],
            "public": true,
            "ramdisk_id": "",
            "root_device_name": "/dev/sda1",
            "root_device_type": "ebs",
            "root_snapshot_id": "snap-04a0c42370cdb2819",
            "sriov_net_support": "simple",
            "state": "available",
            "state_reason": {
              "code": "UNSET",
              "message": "UNSET"
            },
            "tags": {},
            "timeouts": null,
            "tpm_support": "",
            "usage_operation": "RunInstances",
            "virtualization_type": "hvm"
          },
          "sensitive_attributes": []
        }
      ]
    },
    {
      "mode": "data",
      "type": "aws_vpc",
      "name": "default",
      "provider": "provider[\"registry.terraform.io/hashicorp/aws\"]",
      "instances": [
        {
          "schema_version": 0,
          "attributes": {
            "arn": "arn:aws:ec2:us-east-2:933229134445:vpc/vpc-0bf132fe29849be18",
            "cidr_block": "172.31.0.0/16",
            "cidr_block_associations": [
              {
                "association_id": "vpc-cidr-assoc-0248a539b2f97d107",
                "cidr_block": "172.31.0.0/16",
                "state": "associated"
              }
            ],
            "default": true,
            "dhcp_options_id": "dopt-057fdf10c8edf2fed",
            "enable_dns_hostnames": true,
            "enable_dns_support": true,
            "enable_network_address_usage_metrics": false,
            "filter": null,
            "id": "vpc-0bf132fe29849be18",
            "instance_tenancy": "default",
            "ipv6_association_id": "",
            "ipv6_cidr_block": "",
            "main_route_table_id": "rtb-0bbaac24aa1c25ef3",
            "owner_id": "933229134445",
            "state": null,
            "tags": {},
            "timeouts": null
          },
          "sensitive_attributes": []
        }
      ]
    },
    {
      "mode": "data",
      "type": "template_file",
      "name": "user_data",
      "provider": "provider[\"registry.terraform.io/hashicorp/template\"]",
      "instances": [
        {
          "schema_version": 0,
          "attributes": {
            "filename": null,
            "id": "fdc01f04b41cca3caaad7fac6c76a9b276e846581fe5933ce92de32cb8f172f1",
            "rendered": "#!/bin/sh\nset -e\n\n# docker installation\n#\n# See https://docs.docker.com/engine/install/ for the installation steps.\n#\n# This script is meant for quick \u0026 easy install via:\n#   $ curl -fsSL https://get.docker.com -o get-docker.sh\n#   $ sh get-docker.sh\n\nif [ ! \"$(command -v docker)\" ]\nthen\n    printf \"Installing docker engine...\\n\"\n    curl -fsSL https://get.docker.com -o get-docker.sh\n    sh get-docker.sh --version \"26.0\"\nelse\n    echo \"docker is already installed.!\"\nfi\n\n# post install\nusermod -aG docker ubuntu",
            "template": "#!/bin/sh\nset -e\n\n# docker installation\n#\n# See https://docs.docker.com/engine/install/ for the installation steps.\n#\n# This script is meant for quick \u0026 easy install via:\n#   $ curl -fsSL https://get.docker.com -o get-docker.sh\n#   $ sh get-docker.sh\n\nif [ ! \"$(command -v docker)\" ]\nthen\n    printf \"Installing docker engine...\\n\"\n    curl -fsSL https://get.docker.com -o get-docker.sh\n    sh get-docker.sh --version \"${docker_version}\"\nelse\n    echo \"docker is already installed.!\"\nfi\n\n# post install\nusermod -aG docker ubuntu",
            "vars": {
              "docker_version": "26.0"
            }
          },
          "sensitive_attributes": []
        }
      ]
    },
    {
      "module": "module.trw_instances_kp",
      "mode": "managed",
      "type": "aws_key_pair",
      "name": "this",
      "provider": "provider[\"registry.terraform.io/hashicorp/aws\"]",
      "instances": [
        {
          "index_key": 0,
          "schema_version": 1,
          "attributes": {
            "arn": "arn:aws:ec2:us-east-2:933229134445:key-pair/tr-web-staging-instances-kp-20240321124146189900000002",
            "fingerprint": "89:8b:08:fe:e6:db:79:97:9f:77:f7:61:ed:56:95:b0",
            "id": "tr-web-staging-instances-kp-20240321124146189900000002",
            "key_name": "tr-web-staging-instances-kp-20240321124146189900000002",
            "key_name_prefix": "tr-web-staging-instances-kp-",
            "key_pair_id": "key-0b4517a1c0db81047",
            "key_type": "rsa",
            "public_key": "ssh-rsa AAAAB3NzaC1yc2EAAAADAQABAAACAQCda96XR3+6bL5LS94Bab+3VniOSkgg9kXKcSeWrT/YMhI/7DRK/CRhwJI05u/uQphxrp3N6TDoDVIofRuuBlbH0CB8m3PiYcvcQ9kBRfXEVu+d7+y55ZsXXxs3nmwMULfrvRJqk3OsU5+IVWMB9Bi48L/QmDS6bQ1+tAJG3QeP2YjaTXVv66PyVKcSjQ1BgI4zXjzfc+9RN+ffTBO8NJDh4qzEJFIjHqvGMCl+Bp9tR/sjk4w3mhK7Zgoso+ui1qcwL+4YQNeZId2RqtqZmEn2iFJ0kdjHH973E0M8GWpsq4bL8e2qoeFfUbU9YR46Fpop1amr6oYP8avx+XbFmL3xpJusKJkrgU46l5x7r5hB7Pog1vVy6fVYEO8hflDIPf24ok/kNMkgke+21VwJPKefStCZBwJ6+6TM9WPj3uJxkdipf3oGEG5RJpj0q1+WXFqk7Nio0scD55ihaeg+KCVmgO5/Da6Y2L4MSXVnIBmtMHqWbZSZdp1D/Eq7A4Vh5y4CH50WmB049ui/m6/g3aB6G5xcZE5tZy4AvjNwsM8jPlPH1RuTg27OUOaKO6ibQroqLwMmK7SqWwUNcPPXCPyKkQvKxfrcbHHwEGCfqzQyIDdLFmi3kF52jTq2vZNmZEBdeZz0771gAAQtrDYxVZfWCVne0RxMTOIAezUDAp3wVQ==",
            "tags": {
              "Environment": "staging",
              "Project": "tr-web",
              "Resource": "key_pair",
              "Terraform": "true"
            },
            "tags_all": {
              "Environment": "staging",
              "Project": "tr-web",
              "Resource": "key_pair",
              "Terraform": "true"
            }
          },
          "sensitive_attributes": [],
          "private": "eyJzY2hlbWFfdmVyc2lvbiI6IjEifQ==",
          "dependencies": [
            "module.trw_instances_kp.tls_private_key.this"
          ]
        }
      ]
    },
    {
      "module": "module.trw_instances_kp",
      "mode": "managed",
      "type": "tls_private_key",
      "name": "this",
      "provider": "provider[\"registry.terraform.io/hashicorp/tls\"]",
      "instances": [
        {
          "index_key": 0,
          "schema_version": 1,
          "attributes": {
            "algorithm": "RSA",
            "ecdsa_curve": "P224",
            "id": "19609ab03e85165e836f40c5dcea99920b744296",
            "private_key_openssh": "-----BEGIN OPENSSH PRIVATE KEY-----\nb3BlbnNzaC1rZXktdjEAAAAABG5vbmUAAAAEbm9uZQAAAAAAAAABAAACFwAAAAdz\nc2gtcnNhAAAAAwEAAQAAAgEAnWvel0d/umy+S0veAWm/t1Z4jkpIIPZFynEnlq0/\n2DISP+w0SvwkYcCSNObv7kKYca6dzekw6A1SKH0brgZWx9AgfJtz4mHL3EPZAUX1\nxFbvne/sueWbF18bN55sDFC3670SapNzrFOfiFVjAfQYuPC/0Jg0um0NfrQCRt0H\nj9mI2k11b+uj8lSnEo0NQYCOM14833PvUTfn30wTvDSQ4eKsxCRSIx6rxjApfgaf\nbUf7I5OMN5oSu2YKLKProtanMC/uGEDXmSHdkaramZhJ9ohSdJHYxx/e9xNDPBlq\nbKuGy/HtqqHhX1G1PWEeOhaaKdWpq+qGD/Gr8fl2xZi98aSbrCiZK4FOOpece6+Y\nQez6INb1cun1WBDvIX5QyD39uKJP5DTJIJHvttVcCTynn0rQmQcCevukzPVj497i\ncZHYqX96BhBuUSaY9KtfllxapOzYqNLHA+eYoWnoPiglZoDufw2umNi+DEl1ZyAZ\nrTB6lm2UmXadQ/xKuwOFYecuAh+dFpgdOPbov5uv4N2gehucXGRObWcuAL4zcLDP\nIz5Tx9Ubk4NuzlDmijuom0K6Ki8DJiu0qlsFDXDz1wj8ipELysX63Gxx8BBgn6s0\nMiA3SxZot5Bedo06tr2TZmRAXXmc9O+9YAAELaw2MVWX1glZ3tEcTEziAHs1AwKd\n8FUAAAc4WH1tFlh9bRYAAAAHc3NoLXJzYQAAAgEAnWvel0d/umy+S0veAWm/t1Z4\njkpIIPZFynEnlq0/2DISP+w0SvwkYcCSNObv7kKYca6dzekw6A1SKH0brgZWx9Ag\nfJtz4mHL3EPZAUX1xFbvne/sueWbF18bN55sDFC3670SapNzrFOfiFVjAfQYuPC/\n0Jg0um0NfrQCRt0Hj9mI2k11b+uj8lSnEo0NQYCOM14833PvUTfn30wTvDSQ4eKs\nxCRSIx6rxjApfgafbUf7I5OMN5oSu2YKLKProtanMC/uGEDXmSHdkaramZhJ9ohS\ndJHYxx/e9xNDPBlqbKuGy/HtqqHhX1G1PWEeOhaaKdWpq+qGD/Gr8fl2xZi98aSb\nrCiZK4FOOpece6+YQez6INb1cun1WBDvIX5QyD39uKJP5DTJIJHvttVcCTynn0rQ\nmQcCevukzPVj497icZHYqX96BhBuUSaY9KtfllxapOzYqNLHA+eYoWnoPiglZoDu\nfw2umNi+DEl1ZyAZrTB6lm2UmXadQ/xKuwOFYecuAh+dFpgdOPbov5uv4N2gehuc\nXGRObWcuAL4zcLDPIz5Tx9Ubk4NuzlDmijuom0K6Ki8DJiu0qlsFDXDz1wj8ipEL\nysX63Gxx8BBgn6s0MiA3SxZot5Bedo06tr2TZmRAXXmc9O+9YAAELaw2MVWX1glZ\n3tEcTEziAHs1AwKd8FUAAAADAQABAAACAD2vFvmQOqyCD87RW5ySI11jtLmMwdao\nqZA55plUKcA9XolNtO/s/RSQsLmqBDoIPlPNaGhXB6LmFVtoKoB2W2rQUuqAv1fl\nmkwlCdNF5peYuSvZ55iwL6VozvFsUkpBFtB4tc6tGJZd7hUt4C3TyBwvufmyqnai\nZLdRMdMyqNPlGYrw7yN74jICmbTbMGaKSS43rwKgGxZoIaON2+3TazIX8DqrQMQi\nMIzoMln/nljj67R1DGx9IvnrcfEsChk0oy5umY1HWzPV4UxC9oVY9yJzKFwlChx8\nkJGgKqhSDTGnxJoFomtKI1WGXs4+T+nTEXVzE5kZvI5i1E1swu2KfGKmFAVbSlQv\nmSK4lNn2No37txKvF8K6oEw80caC0F9TQKVFUQv3XAhig0W7GT1KjH2XPj8ijWad\n8LPRicforcnBZdLH7t4KBXDRxArfhAa6c1C37MA7EPcFCjatgRBPuKkCbcthKlro\nLm/svOYDjSFXBFGOharvd2HstlT4up+YH00pwjOkiTN3MHEqbk8xkIdH5Nmb8++t\nNVz6Z4HWt/mspOnUfZ+dRwrgLowd+KsIaQEtOTknRBLlti2gdBj7yP+KnKjKeC+S\ntiV6X3dgWE56JPyuodVVdVDOkLszkm6YqVHtxCY6ubil7jVwNT4TvXit1clTO3jB\n0RZFfcKE8ngBAAABAQCL2sWP4rRCcS9a4kVtDdoEn6M7Kt5CzJf/2/YORM7DVsMk\nbVfgAl6cW+w0EA5Q8EMeP0ZtcGeLvMh2zykLk0UTYCqSEViGvT/pGpOPA4FZN6X1\nRgajWEyb0mXKzB9tKVSEqO6gNIEGo8bQINKZj6aNWIMFPv7Xd1Bba+EwXNtjf9Ur\nJ+mzSE5EQ4PQWJmxrb8XGuh4WkMRaSEEMOH+nIoIE2Wq/efOiZ/OuPC3oxgYOzQt\nPKyNpBiZIJhYJ0bbHfTvqs2aGM+lX9VjFQVHSD1r04v7PPruno6TOiDyshTU+xXo\nv8x0biLm75lwe21PLxWw3Hiw7O1oiw/E0WJ0/OMtAAABAQDFL3tpeIc6oOoHridL\n1+rhre3Bbn1yErh5wN6ipRo+XbzeJbnaE1Wb9gggnWC+meDCUOJz2YP8wJA0deT+\ndiuNojh+atDW8Y410Hmya0l6u2kpjql3BwgXmva0vnlZWXOSuy8DP+GJX91x1AkK\nuQmYZObdL568duzVMT0VvTG0splPYLgLfDKP4f2fP3xyLMbSXPyxIEaaDLwPAYtK\nXt0CG4hCqLYqeb+FwQmW3uZgfr/bpYPnEwmyy+IOSPwFtCODd2m5liBsHb5YKF+p\ntu7RVqbDDAyqgdN3KXwCG/q42hw+sLJ9/kHwlDzVavBhYHD12URG5zbbkzh1Rvo0\ndDL1AAABAQDMYB0igAdjGFEu4Of6UM58+MvTOtvDxx7myrLxInytKbU1B2GeGXvc\n0T8SORJdGU6GoFjwgMI/QdjiIULMv1l719C6OWqRqDKFEjQeSePxyoGsBuzwExAr\nNqbNfV6POcIsBOtn193iVc7e1u6/Nx6wHO/5bxfdYGKYlRa9ndZe1aJ2cVmJoUOl\nq+sHcyrXRxx5IveyaEDyuNpMlAbpxSARfMT7KrqggdD+klHI8nL/sxr9xO1jcVtV\n/VK3WHVpWBSOBCfgM6rTc7Giemz8tRmnXchWP3BymHepwBry1k1pw++ne5yS7GHa\nGGuryBSut9RLqYYxegdGJOlLHQHrdivhAAAAAAEC\n-----END OPENSSH PRIVATE KEY-----\n",
            "private_key_pem": "-----BEGIN RSA PRIVATE KEY-----\nMIIJKQIBAAKCAgEAnWvel0d/umy+S0veAWm/t1Z4jkpIIPZFynEnlq0/2DISP+w0\nSvwkYcCSNObv7kKYca6dzekw6A1SKH0brgZWx9AgfJtz4mHL3EPZAUX1xFbvne/s\nueWbF18bN55sDFC3670SapNzrFOfiFVjAfQYuPC/0Jg0um0NfrQCRt0Hj9mI2k11\nb+uj8lSnEo0NQYCOM14833PvUTfn30wTvDSQ4eKsxCRSIx6rxjApfgafbUf7I5OM\nN5oSu2YKLKProtanMC/uGEDXmSHdkaramZhJ9ohSdJHYxx/e9xNDPBlqbKuGy/Ht\nqqHhX1G1PWEeOhaaKdWpq+qGD/Gr8fl2xZi98aSbrCiZK4FOOpece6+YQez6INb1\ncun1WBDvIX5QyD39uKJP5DTJIJHvttVcCTynn0rQmQcCevukzPVj497icZHYqX96\nBhBuUSaY9KtfllxapOzYqNLHA+eYoWnoPiglZoDufw2umNi+DEl1ZyAZrTB6lm2U\nmXadQ/xKuwOFYecuAh+dFpgdOPbov5uv4N2gehucXGRObWcuAL4zcLDPIz5Tx9Ub\nk4NuzlDmijuom0K6Ki8DJiu0qlsFDXDz1wj8ipELysX63Gxx8BBgn6s0MiA3SxZo\nt5Bedo06tr2TZmRAXXmc9O+9YAAELaw2MVWX1glZ3tEcTEziAHs1AwKd8FUCAwEA\nAQKCAgA9rxb5kDqsgg/O0VuckiNdY7S5jMHWqKmQOeaZVCnAPV6JTbTv7P0UkLC5\nqgQ6CD5TzWhoVwei5hVbaCqAdltq0FLqgL9X5ZpMJQnTReaXmLkr2eeYsC+laM7x\nbFJKQRbQeLXOrRiWXe4VLeAt08gcL7n5sqp2omS3UTHTMqjT5RmK8O8je+IyApm0\n2zBmikkuN68CoBsWaCGjjdvt02syF/A6q0DEIjCM6DJZ/55Y4+u0dQxsfSL563Hx\nLAoZNKMubpmNR1sz1eFMQvaFWPcicyhcJQocfJCRoCqoUg0xp8SaBaJrSiNVhl7O\nPk/p0xF1cxOZGbyOYtRNbMLtinxiphQFW0pUL5kiuJTZ9jaN+7cSrxfCuqBMPNHG\ngtBfU0ClRVEL91wIYoNFuxk9Sox9lz4/Io1mnfCz0YnH6K3JwWXSx+7eCgVw0cQK\n34QGunNQt+zAOxD3BQo2rYEQT7ipAm3LYSpa6C5v7LzmA40hVwRRjoWq73dh7LZU\n+LqfmB9NKcIzpIkzdzBxKm5PMZCHR+TZm/PvrTVc+meB1rf5rKTp1H2fnUcK4C6M\nHfirCGkBLTk5J0QS5bYtoHQY+8j/ipyoyngvkrYlel93YFhOeiT8rqHVVXVQzpC7\nM5JumKlR7cQmOrm4pe41cDU+E714rdXJUzt4wdEWRX3ChPJ4AQKCAQEAxS97aXiH\nOqDqB64nS9fq4a3twW59chK4ecDeoqUaPl283iW52hNVm/YIIJ1gvpngwlDic9mD\n/MCQNHXk/nYrjaI4fmrQ1vGONdB5smtJertpKY6pdwcIF5r2tL55WVlzkrsvAz/h\niV/dcdQJCrkJmGTm3S+evHbs1TE9Fb0xtLKZT2C4C3wyj+H9nz98cizG0lz8sSBG\nmgy8DwGLSl7dAhuIQqi2Knm/hcEJlt7mYH6/26WD5xMJssviDkj8BbQjg3dpuZYg\nbB2+WChfqbbu0VamwwwMqoHTdyl8Ahv6uNocPrCyff5B8JQ81WrwYWBw9dlERuc2\n25M4dUb6NHQy9QKCAQEAzGAdIoAHYxhRLuDn+lDOfPjL0zrbw8ce5sqy8SJ8rSm1\nNQdhnhl73NE/EjkSXRlOhqBY8IDCP0HY4iFCzL9Ze9fQujlqkagyhRI0Hknj8cqB\nrAbs8BMQKzamzX1ejznCLATrZ9fd4lXO3tbuvzcesBzv+W8X3WBimJUWvZ3WXtWi\ndnFZiaFDpavrB3Mq10cceSL3smhA8rjaTJQG6cUgEXzE+yq6oIHQ/pJRyPJy/7Ma\n/cTtY3FbVf1St1h1aVgUjgQn4DOq03Oxonps/LUZp13IVj9wcph3qcAa8tZNacPv\np3uckuxh2hhrq8gUrrfUS6mGMXoHRiTpSx0B63Yr4QKCAQEApCYz6YhRosfkKwKa\nafPT741X+IffXEAjXA/oBqPE5hgoqxHi1pzzzoKRH32D1QfKaFjnOyPfUWCIa3Od\nbwu2lBBwUSTgt56dEUV8mb/gipBLKjI99v1eijARokNSR8REhujWaTEbsr2gXiry\nX//L8hZFbeo/jYq++3ci797w6wkmwUK107HPcaHi/VffZDjMRsDsBxPkUke5ohBa\nAU5ZU3DSDRPfmhqCCnm5XuQuCjRZySLPXGSn1TUO+W9ehe0BB2c4FyvXz8ku9Lqf\ncGv+ATzOVF7KiILNJEzfk+3w2UOQ8cssu+AWyozM26lLdPTQ9Iiq4w+FxmKXRGIS\n1enJpQKCAQA7Mq/duWXqXzXMtVqcV+Gns00ezxKu/7NEuHvietHQOp+BT7UH3WvS\nR03UknFuRBFJz5JTf4hEWGdhAK9frSFXTOjpuA3VSPnxL5enGlILTFQJJyxkUbFC\nQx9HsEO+isViiL5DIvTjRWWZiHo5KtcZvhgIkRRBjFSiy7R9kgVxDMJ1OlnsEqkM\niOKYEtTa7H8j22wR4j7Fz6NzwQDLn8ytJA3Ojs7mBRQrWOiVoxyKUi/ER9FXF5OU\nMb9O2jGQJPI3PJ7sQyr8+qr+XCXLgQ2APBr2WIPSvbUTl1B2/HoJ47Y8NgLhT9T8\nHky5wkezYA3/KIh1Nlp7B+AHYMyYjm8hAoIBAQCL2sWP4rRCcS9a4kVtDdoEn6M7\nKt5CzJf/2/YORM7DVsMkbVfgAl6cW+w0EA5Q8EMeP0ZtcGeLvMh2zykLk0UTYCqS\nEViGvT/pGpOPA4FZN6X1RgajWEyb0mXKzB9tKVSEqO6gNIEGo8bQINKZj6aNWIMF\nPv7Xd1Bba+EwXNtjf9UrJ+mzSE5EQ4PQWJmxrb8XGuh4WkMRaSEEMOH+nIoIE2Wq\n/efOiZ/OuPC3oxgYOzQtPKyNpBiZIJhYJ0bbHfTvqs2aGM+lX9VjFQVHSD1r04v7\nPPruno6TOiDyshTU+xXov8x0biLm75lwe21PLxWw3Hiw7O1oiw/E0WJ0/OMt\n-----END RSA PRIVATE KEY-----\n",
            "private_key_pem_pkcs8": "-----BEGIN PRIVATE KEY-----\nMIIJQwIBADANBgkqhkiG9w0BAQEFAASCCS0wggkpAgEAAoICAQCda96XR3+6bL5L\nS94Bab+3VniOSkgg9kXKcSeWrT/YMhI/7DRK/CRhwJI05u/uQphxrp3N6TDoDVIo\nfRuuBlbH0CB8m3PiYcvcQ9kBRfXEVu+d7+y55ZsXXxs3nmwMULfrvRJqk3OsU5+I\nVWMB9Bi48L/QmDS6bQ1+tAJG3QeP2YjaTXVv66PyVKcSjQ1BgI4zXjzfc+9RN+ff\nTBO8NJDh4qzEJFIjHqvGMCl+Bp9tR/sjk4w3mhK7Zgoso+ui1qcwL+4YQNeZId2R\nqtqZmEn2iFJ0kdjHH973E0M8GWpsq4bL8e2qoeFfUbU9YR46Fpop1amr6oYP8avx\n+XbFmL3xpJusKJkrgU46l5x7r5hB7Pog1vVy6fVYEO8hflDIPf24ok/kNMkgke+2\n1VwJPKefStCZBwJ6+6TM9WPj3uJxkdipf3oGEG5RJpj0q1+WXFqk7Nio0scD55ih\naeg+KCVmgO5/Da6Y2L4MSXVnIBmtMHqWbZSZdp1D/Eq7A4Vh5y4CH50WmB049ui/\nm6/g3aB6G5xcZE5tZy4AvjNwsM8jPlPH1RuTg27OUOaKO6ibQroqLwMmK7SqWwUN\ncPPXCPyKkQvKxfrcbHHwEGCfqzQyIDdLFmi3kF52jTq2vZNmZEBdeZz0771gAAQt\nrDYxVZfWCVne0RxMTOIAezUDAp3wVQIDAQABAoICAD2vFvmQOqyCD87RW5ySI11j\ntLmMwdaoqZA55plUKcA9XolNtO/s/RSQsLmqBDoIPlPNaGhXB6LmFVtoKoB2W2rQ\nUuqAv1flmkwlCdNF5peYuSvZ55iwL6VozvFsUkpBFtB4tc6tGJZd7hUt4C3TyBwv\nufmyqnaiZLdRMdMyqNPlGYrw7yN74jICmbTbMGaKSS43rwKgGxZoIaON2+3TazIX\n8DqrQMQiMIzoMln/nljj67R1DGx9IvnrcfEsChk0oy5umY1HWzPV4UxC9oVY9yJz\nKFwlChx8kJGgKqhSDTGnxJoFomtKI1WGXs4+T+nTEXVzE5kZvI5i1E1swu2KfGKm\nFAVbSlQvmSK4lNn2No37txKvF8K6oEw80caC0F9TQKVFUQv3XAhig0W7GT1KjH2X\nPj8ijWad8LPRicforcnBZdLH7t4KBXDRxArfhAa6c1C37MA7EPcFCjatgRBPuKkC\nbcthKlroLm/svOYDjSFXBFGOharvd2HstlT4up+YH00pwjOkiTN3MHEqbk8xkIdH\n5Nmb8++tNVz6Z4HWt/mspOnUfZ+dRwrgLowd+KsIaQEtOTknRBLlti2gdBj7yP+K\nnKjKeC+StiV6X3dgWE56JPyuodVVdVDOkLszkm6YqVHtxCY6ubil7jVwNT4TvXit\n1clTO3jB0RZFfcKE8ngBAoIBAQDFL3tpeIc6oOoHridL1+rhre3Bbn1yErh5wN6i\npRo+XbzeJbnaE1Wb9gggnWC+meDCUOJz2YP8wJA0deT+diuNojh+atDW8Y410Hmy\na0l6u2kpjql3BwgXmva0vnlZWXOSuy8DP+GJX91x1AkKuQmYZObdL568duzVMT0V\nvTG0splPYLgLfDKP4f2fP3xyLMbSXPyxIEaaDLwPAYtKXt0CG4hCqLYqeb+FwQmW\n3uZgfr/bpYPnEwmyy+IOSPwFtCODd2m5liBsHb5YKF+ptu7RVqbDDAyqgdN3KXwC\nG/q42hw+sLJ9/kHwlDzVavBhYHD12URG5zbbkzh1Rvo0dDL1AoIBAQDMYB0igAdj\nGFEu4Of6UM58+MvTOtvDxx7myrLxInytKbU1B2GeGXvc0T8SORJdGU6GoFjwgMI/\nQdjiIULMv1l719C6OWqRqDKFEjQeSePxyoGsBuzwExArNqbNfV6POcIsBOtn193i\nVc7e1u6/Nx6wHO/5bxfdYGKYlRa9ndZe1aJ2cVmJoUOlq+sHcyrXRxx5IveyaEDy\nuNpMlAbpxSARfMT7KrqggdD+klHI8nL/sxr9xO1jcVtV/VK3WHVpWBSOBCfgM6rT\nc7Giemz8tRmnXchWP3BymHepwBry1k1pw++ne5yS7GHaGGuryBSut9RLqYYxegdG\nJOlLHQHrdivhAoIBAQCkJjPpiFGix+QrAppp89PvjVf4h99cQCNcD+gGo8TmGCir\nEeLWnPPOgpEffYPVB8poWOc7I99RYIhrc51vC7aUEHBRJOC3np0RRXyZv+CKkEsq\nMj32/V6KMBGiQ1JHxESG6NZpMRuyvaBeKvJf/8vyFkVt6j+Nir77dyLv3vDrCSbB\nQrXTsc9xoeL9V99kOMxGwOwHE+RSR7miEFoBTllTcNINE9+aGoIKeble5C4KNFnJ\nIs9cZKfVNQ75b16F7QEHZzgXK9fPyS70up9wa/4BPM5UXsqIgs0kTN+T7fDZQ5Dx\nyyy74BbKjMzbqUt09ND0iKrjD4XGYpdEYhLV6cmlAoIBADsyr925ZepfNcy1WpxX\n4aezTR7PEq7/s0S4e+J60dA6n4FPtQfda9JHTdSScW5EEUnPklN/iERYZ2EAr1+t\nIVdM6Om4DdVI+fEvl6caUgtMVAknLGRRsUJDH0ewQ76KxWKIvkMi9ONFZZmIejkq\n1xm+GAiRFEGMVKLLtH2SBXEMwnU6WewSqQyI4pgS1NrsfyPbbBHiPsXPo3PBAMuf\nzK0kDc6OzuYFFCtY6JWjHIpSL8RH0VcXk5Qxv07aMZAk8jc8nuxDKvz6qv5cJcuB\nDYA8GvZYg9K9tROXUHb8egnjtjw2AuFP1PweTLnCR7NgDf8oiHU2WnsH4AdgzJiO\nbyECggEBAIvaxY/itEJxL1riRW0N2gSfozsq3kLMl//b9g5EzsNWwyRtV+ACXpxb\n7DQQDlDwQx4/Rm1wZ4u8yHbPKQuTRRNgKpIRWIa9P+kak48DgVk3pfVGBqNYTJvS\nZcrMH20pVISo7qA0gQajxtAg0pmPpo1YgwU+/td3UFtr4TBc22N/1Ssn6bNITkRD\ng9BYmbGtvxca6HhaQxFpIQQw4f6ciggTZar9586Jn8648LejGBg7NC08rI2kGJkg\nmFgnRtsd9O+qzZoYz6Vf1WMVBUdIPWvTi/s8+u6ejpM6IPKyFNT7Fei/zHRuIubv\nmXB7bU8vFbDceLDs7WiLD8TRYnT84y0=\n-----END PRIVATE KEY-----\n",
            "public_key_fingerprint_md5": "cf:b5:49:9b:2d:4e:70:85:30:ff:37:b7:2d:25:a4:d0",
            "public_key_fingerprint_sha256": "SHA256:at8hGBMx06RrDb7904UYbYQBQLH55p64TByz4JSUirQ",
            "public_key_openssh": "ssh-rsa AAAAB3NzaC1yc2EAAAADAQABAAACAQCda96XR3+6bL5LS94Bab+3VniOSkgg9kXKcSeWrT/YMhI/7DRK/CRhwJI05u/uQphxrp3N6TDoDVIofRuuBlbH0CB8m3PiYcvcQ9kBRfXEVu+d7+y55ZsXXxs3nmwMULfrvRJqk3OsU5+IVWMB9Bi48L/QmDS6bQ1+tAJG3QeP2YjaTXVv66PyVKcSjQ1BgI4zXjzfc+9RN+ffTBO8NJDh4qzEJFIjHqvGMCl+Bp9tR/sjk4w3mhK7Zgoso+ui1qcwL+4YQNeZId2RqtqZmEn2iFJ0kdjHH973E0M8GWpsq4bL8e2qoeFfUbU9YR46Fpop1amr6oYP8avx+XbFmL3xpJusKJkrgU46l5x7r5hB7Pog1vVy6fVYEO8hflDIPf24ok/kNMkgke+21VwJPKefStCZBwJ6+6TM9WPj3uJxkdipf3oGEG5RJpj0q1+WXFqk7Nio0scD55ihaeg+KCVmgO5/Da6Y2L4MSXVnIBmtMHqWbZSZdp1D/Eq7A4Vh5y4CH50WmB049ui/m6/g3aB6G5xcZE5tZy4AvjNwsM8jPlPH1RuTg27OUOaKO6ibQroqLwMmK7SqWwUNcPPXCPyKkQvKxfrcbHHwEGCfqzQyIDdLFmi3kF52jTq2vZNmZEBdeZz0771gAAQtrDYxVZfWCVne0RxMTOIAezUDAp3wVQ==\n",
            "public_key_pem": "-----BEGIN PUBLIC KEY-----\nMIICIjANBgkqhkiG9w0BAQEFAAOCAg8AMIICCgKCAgEAnWvel0d/umy+S0veAWm/\nt1Z4jkpIIPZFynEnlq0/2DISP+w0SvwkYcCSNObv7kKYca6dzekw6A1SKH0brgZW\nx9AgfJtz4mHL3EPZAUX1xFbvne/sueWbF18bN55sDFC3670SapNzrFOfiFVjAfQY\nuPC/0Jg0um0NfrQCRt0Hj9mI2k11b+uj8lSnEo0NQYCOM14833PvUTfn30wTvDSQ\n4eKsxCRSIx6rxjApfgafbUf7I5OMN5oSu2YKLKProtanMC/uGEDXmSHdkaramZhJ\n9ohSdJHYxx/e9xNDPBlqbKuGy/HtqqHhX1G1PWEeOhaaKdWpq+qGD/Gr8fl2xZi9\n8aSbrCiZK4FOOpece6+YQez6INb1cun1WBDvIX5QyD39uKJP5DTJIJHvttVcCTyn\nn0rQmQcCevukzPVj497icZHYqX96BhBuUSaY9KtfllxapOzYqNLHA+eYoWnoPigl\nZoDufw2umNi+DEl1ZyAZrTB6lm2UmXadQ/xKuwOFYecuAh+dFpgdOPbov5uv4N2g\nehucXGRObWcuAL4zcLDPIz5Tx9Ubk4NuzlDmijuom0K6Ki8DJiu0qlsFDXDz1wj8\nipELysX63Gxx8BBgn6s0MiA3SxZot5Bedo06tr2TZmRAXXmc9O+9YAAELaw2MVWX\n1glZ3tEcTEziAHs1AwKd8FUCAwEAAQ==\n-----END PUBLIC KEY-----\n",
            "rsa_bits": 4096
          },
          "sensitive_attributes": []
        }
      ]
    },
    {
      "module": "module.trw_instances_sg",
      "mode": "managed",
      "type": "aws_security_group",
      "name": "this_name_prefix",
      "provider": "provider[\"registry.terraform.io/hashicorp/aws\"]",
      "instances": [
        {
          "index_key": 0,
          "schema_version": 1,
          "attributes": {
            "arn": "arn:aws:ec2:us-east-2:933229134445:security-group/sg-0cb7139995ef0c816",
            "description": "Security Group for frontend and backend instances",
            "egress": [],
            "id": "sg-0cb7139995ef0c816",
            "ingress": [],
            "name": "tr-web-staging-instances-sg-20240321124146160900000001",
            "name_prefix": "tr-web-staging-instances-sg-",
            "owner_id": "933229134445",
            "revoke_rules_on_delete": false,
            "tags": {
              "Environment": "staging",
              "Name": "tr-web-staging-instances-sg",
              "Project": "tr-web",
              "Resource": "security_group",
              "Terraform": "true"
            },
            "tags_all": {
              "Environment": "staging",
              "Name": "tr-web-staging-instances-sg",
              "Project": "tr-web",
              "Resource": "security_group",
              "Terraform": "true"
            },
            "timeouts": {
              "create": "10m",
              "delete": "15m"
            },
            "vpc_id": "vpc-0bf132fe29849be18"
          },
          "sensitive_attributes": [],
          "private": "eyJlMmJmYjczMC1lY2FhLTExZTYtOGY4OC0zNDM2M2JjN2M0YzAiOnsiY3JlYXRlIjo2MDAwMDAwMDAwMDAsImRlbGV0ZSI6OTAwMDAwMDAwMDAwfSwic2NoZW1hX3ZlcnNpb24iOiIxIn0=",
          "dependencies": [
            "data.aws_vpc.default"
          ],
          "create_before_destroy": true
        }
      ]
    },
    {
      "module": "module.trw_instances_sg",
      "mode": "managed",
      "type": "aws_security_group_rule",
      "name": "egress_rules",
      "provider": "provider[\"registry.terraform.io/hashicorp/aws\"]",
      "instances": [
        {
          "index_key": 0,
          "schema_version": 2,
          "attributes": {
            "cidr_blocks": [
              "0.0.0.0/0"
            ],
            "description": "All protocols",
            "from_port": -1,
            "id": "sgrule-555797416",
            "ipv6_cidr_blocks": [
              "::/0"
            ],
            "prefix_list_ids": [],
            "protocol": "-1",
            "security_group_id": "sg-0cb7139995ef0c816",
            "security_group_rule_id": "",
            "self": false,
            "source_security_group_id": null,
            "timeouts": null,
            "to_port": -1,
            "type": "egress"
          },
          "sensitive_attributes": [],
          "private": "eyJlMmJmYjczMC1lY2FhLTExZTYtOGY4OC0zNDM2M2JjN2M0YzAiOnsiY3JlYXRlIjozMDAwMDAwMDAwMDB9LCJzY2hlbWFfdmVyc2lvbiI6IjIifQ==",
          "dependencies": [
            "data.aws_vpc.default",
            "module.trw_instances_sg.aws_security_group.this",
            "module.trw_instances_sg.aws_security_group.this_name_prefix"
          ]
        }
      ]
    },
    {
      "module": "module.trw_instances_sg",
      "mode": "managed",
      "type": "aws_security_group_rule",
      "name": "ingress_rules",
      "provider": "provider[\"registry.terraform.io/hashicorp/aws\"]",
      "instances": [
        {
          "index_key": 0,
          "schema_version": 2,
          "attributes": {
            "cidr_blocks": [
              "0.0.0.0/0"
            ],
            "description": "SSH",
            "from_port": 22,
            "id": "sgrule-247263342",
            "ipv6_cidr_blocks": [],
            "prefix_list_ids": [],
            "protocol": "tcp",
            "security_group_id": "sg-0cb7139995ef0c816",
            "security_group_rule_id": "sgr-04aaa4bcf961b4907",
            "self": false,
            "source_security_group_id": null,
            "timeouts": null,
            "to_port": 22,
            "type": "ingress"
          },
          "sensitive_attributes": [],
          "private": "eyJlMmJmYjczMC1lY2FhLTExZTYtOGY4OC0zNDM2M2JjN2M0YzAiOnsiY3JlYXRlIjozMDAwMDAwMDAwMDB9LCJzY2hlbWFfdmVyc2lvbiI6IjIifQ==",
          "dependencies": [
            "data.aws_vpc.default",
            "module.trw_instances_sg.aws_security_group.this",
            "module.trw_instances_sg.aws_security_group.this_name_prefix"
          ]
        },
        {
          "index_key": 1,
          "schema_version": 2,
          "attributes": {
            "cidr_blocks": [
              "0.0.0.0/0"
            ],
            "description": "HTTP",
            "from_port": 80,
            "id": "sgrule-3090591195",
            "ipv6_cidr_blocks": [],
            "prefix_list_ids": [],
            "protocol": "tcp",
            "security_group_id": "sg-0cb7139995ef0c816",
            "security_group_rule_id": "sgr-025cefd9c4f38f37c",
            "self": false,
            "source_security_group_id": null,
            "timeouts": null,
            "to_port": 80,
            "type": "ingress"
          },
          "sensitive_attributes": [],
          "private": "eyJlMmJmYjczMC1lY2FhLTExZTYtOGY4OC0zNDM2M2JjN2M0YzAiOnsiY3JlYXRlIjozMDAwMDAwMDAwMDB9LCJzY2hlbWFfdmVyc2lvbiI6IjIifQ==",
          "dependencies": [
            "data.aws_vpc.default",
            "module.trw_instances_sg.aws_security_group.this",
            "module.trw_instances_sg.aws_security_group.this_name_prefix"
          ]
        },
        {
          "index_key": 2,
          "schema_version": 2,
          "attributes": {
            "cidr_blocks": [
              "0.0.0.0/0"
            ],
            "description": "HTTPS",
            "from_port": 443,
            "id": "sgrule-1820858693",
            "ipv6_cidr_blocks": [],
            "prefix_list_ids": [],
            "protocol": "tcp",
            "security_group_id": "sg-0cb7139995ef0c816",
            "security_group_rule_id": "sgr-03b2863b9c8eb6d61",
            "self": false,
            "source_security_group_id": null,
            "timeouts": null,
            "to_port": 443,
            "type": "ingress"
          },
          "sensitive_attributes": [],
          "private": "eyJlMmJmYjczMC1lY2FhLTExZTYtOGY4OC0zNDM2M2JjN2M0YzAiOnsiY3JlYXRlIjozMDAwMDAwMDAwMDB9LCJzY2hlbWFfdmVyc2lvbiI6IjIifQ==",
          "dependencies": [
            "data.aws_vpc.default",
            "module.trw_instances_sg.aws_security_group.this",
            "module.trw_instances_sg.aws_security_group.this_name_prefix"
          ]
        }
      ]
    },
    {
      "module": "module.trw_web_ec2",
      "mode": "data",
      "type": "aws_partition",
      "name": "current",
      "provider": "provider[\"registry.terraform.io/hashicorp/aws\"]",
      "instances": [
        {
          "schema_version": 0,
          "attributes": {
            "dns_suffix": "amazonaws.com",
            "id": "aws",
            "partition": "aws",
            "reverse_dns_prefix": "com.amazonaws"
          },
          "sensitive_attributes": []
        }
      ]
    },
    {
      "module": "module.trw_web_ec2",
      "mode": "managed",
      "type": "aws_instance",
      "name": "this",
      "provider": "provider[\"registry.terraform.io/hashicorp/aws\"]",
      "instances": [
        {
          "index_key": 0,
          "schema_version": 1,
          "attributes": {
            "ami": "ami-0b8b44ec9a8f90422",
            "arn": "arn:aws:ec2:us-east-2:933229134445:instance/i-0a42b6eeee4bc95b4",
            "associate_public_ip_address": true,
            "availability_zone": "us-east-2a",
            "capacity_reservation_specification": [
              {
                "capacity_reservation_preference": "open",
                "capacity_reservation_target": []
              }
            ],
            "cpu_core_count": 1,
            "cpu_options": [
              {
                "amd_sev_snp": "",
                "core_count": 1,
                "threads_per_core": 1
              }
            ],
            "cpu_threads_per_core": 1,
            "credit_specification": [
              {
                "cpu_credits": "standard"
              }
            ],
            "disable_api_stop": false,
            "disable_api_termination": false,
            "ebs_block_device": [],
            "ebs_optimized": false,
            "enclave_options": [
              {
                "enabled": false
              }
            ],
            "ephemeral_block_device": [],
            "get_password_data": false,
            "hibernation": false,
            "host_id": "",
            "host_resource_group_arn": null,
            "iam_instance_profile": "",
            "id": "i-0a42b6eeee4bc95b4",
            "instance_initiated_shutdown_behavior": "stop",
            "instance_lifecycle": "",
            "instance_market_options": [],
            "instance_state": "running",
            "instance_type": "t2.micro",
            "ipv6_address_count": 0,
            "ipv6_addresses": [],
            "key_name": "tr-web-staging-instances-kp-20240321124146189900000002",
            "launch_template": [],
            "maintenance_options": [
              {
                "auto_recovery": "default"
              }
            ],
            "metadata_options": [
              {
                "http_endpoint": "enabled",
                "http_protocol_ipv6": "disabled",
                "http_put_response_hop_limit": 1,
                "http_tokens": "optional",
                "instance_metadata_tags": "disabled"
              }
            ],
            "monitoring": true,
            "network_interface": [],
            "outpost_arn": "",
            "password_data": "",
            "placement_group": "",
            "placement_partition_number": 0,
            "primary_network_interface_id": "eni-084d8cbecd992b5db",
            "private_dns": "ip-172-31-13-75.us-east-2.compute.internal",
            "private_dns_name_options": [
              {
                "enable_resource_name_dns_a_record": false,
                "enable_resource_name_dns_aaaa_record": false,
                "hostname_type": "ip-name"
              }
            ],
            "private_ip": "172.31.13.75",
            "public_dns": "ec2-3-15-22-97.us-east-2.compute.amazonaws.com",
            "public_ip": "3.15.22.97",
            "root_block_device": [
              {
                "delete_on_termination": true,
                "device_name": "/dev/sda1",
                "encrypted": false,
                "iops": 100,
                "kms_key_id": "",
                "tags": {},
                "tags_all": {},
                "throughput": 0,
                "volume_id": "vol-07ee2de290aadb724",
                "volume_size": 8,
                "volume_type": "gp2"
              }
            ],
            "secondary_private_ips": [],
            "security_groups": [
              "tr-web-staging-instances-sg-20240321124146160900000001"
            ],
            "source_dest_check": true,
            "spot_instance_request_id": "",
            "subnet_id": "subnet-0274db99687f11ce5",
            "tags": {
              "Environment": "staging",
              "Name": "tr-web-staging-web-ec2",
              "Project": "tr-web",
              "Resource": "instance",
              "Terraform": "true"
            },
            "tags_all": {
              "Environment": "staging",
              "Name": "tr-web-staging-web-ec2",
              "Project": "tr-web",
              "Resource": "instance",
              "Terraform": "true"
            },
            "tenancy": "default",
            "timeouts": {
              "create": null,
              "delete": null,
              "read": null,
              "update": null
            },
            "user_data": "618b61630f1e929f3bdd9734b13ff535690eb3ce",
            "user_data_base64": null,
            "user_data_replace_on_change": true,
            "volume_tags": {
              "Name": "tr-web-staging-web-ec2"
            },
            "vpc_security_group_ids": [
              "sg-0cb7139995ef0c816"
            ]
          },
          "sensitive_attributes": [],
          "private": "eyJlMmJmYjczMC1lY2FhLTExZTYtOGY4OC0zNDM2M2JjN2M0YzAiOnsiY3JlYXRlIjo2MDAwMDAwMDAwMDAsImRlbGV0ZSI6MTIwMDAwMDAwMDAwMCwicmVhZCI6OTAwMDAwMDAwMDAwLCJ1cGRhdGUiOjYwMDAwMDAwMDAwMH0sInNjaGVtYV92ZXJzaW9uIjoiMSJ9",
          "dependencies": [
            "data.aws_ami.ami_ubuntu",
            "data.aws_vpc.default",
            "data.template_file.user_data",
            "module.trw_instances_kp.aws_key_pair.this",
            "module.trw_instances_kp.tls_private_key.this",
            "module.trw_instances_sg.aws_security_group.this",
            "module.trw_instances_sg.aws_security_group.this_name_prefix",
            "module.trw_web_ec2.aws_iam_instance_profile.this",
            "module.trw_web_ec2.aws_iam_role.this",
            "module.trw_web_ec2.data.aws_iam_policy_document.assume_role_policy",
            "module.trw_web_ec2.data.aws_partition.current",
            "module.trw_web_ec2.data.aws_ssm_parameter.this"
          ]
        }
      ]
    }
  ],
  "check_results": null
}
